
Microsoft Visual Studio Solution File, Format Version 12.00
# Visual Studio Version 16
VisualStudioVersion = 16.0.29519.87
MinimumVisualStudioVersion = 10.0.40219.1
Project("{9A19103F-16F7-4668-BE54-9A1E7A4F7556}") = "LocalToUTCSwitcher", "LocalToUTCSwitcher\LocalToUTCSwitcher.csproj", "{B79735EF-FB36-4093-873D-5FA4B66E6D55}"
EndProject
Global
	GlobalSection(SolutionConfigurationPlatforms) = preSolution
		Debug|ARM = Debug|ARM
		Debug|ARM64 = Debug|ARM64
		Debug|x64 = Debug|x64
		Debug|x86 = Debug|x86
		Release|ARM = Release|ARM
		Release|ARM64 = Release|ARM64
		Release|x64 = Release|x64
		Release|x86 = Release|x86
	EndGlobalSection
	GlobalSection(ProjectConfigurationPlatforms) = postSolution
		{B79735EF-FB36-4093-873D-5FA4B66E6D55}.Debug|ARM.ActiveCfg = Debug|Any CPU
		{B79735EF-FB36-4093-873D-5FA4B66E6D55}.Debug|ARM.Build.0 = Debug|Any CPU
		{B79735EF-FB36-4093-873D-5FA4B66E6D55}.Debug|ARM64.ActiveCfg = Debug|Any CPU
		{B79735EF-FB36-4093-873D-5FA4B66E6D55}.Debug|ARM64.Build.0 = Debug|Any CPU
		{B79735EF-FB36-4093-873D-5FA4B66E6D55}.Debug|x64.ActiveCfg = Debug|Any CPU
		{B79735EF-FB36-4093-873D-5FA4B66E6D55}.Debug|x64.Build.0 = Debug|Any CPU
		{B79735EF-FB36-4093-873D-5FA4B66E6D55}.Debug|x86.ActiveCfg = Debug|Any CPU
		{B79735EF-FB36-4093-873D-5FA4B66E6D55}.Debug|x86.Build.0 = Debug|Any CPU
		{B79735EF-FB36-4093-873D-5FA4B66E6D55}.Release|ARM.ActiveCfg = Release|Any CPU
		{B79735EF-FB36-4093-873D-5FA4B66E6D55}.Release|ARM.Build.0 = Release|Any CPU
		{B79735EF-FB36-4093-873D-5FA4B66E6D55}.Release|ARM64.ActiveCfg = Release|Any CPU
		{B79735EF-FB36-4093-873D-5FA4B66E6D55}.Release|ARM64.Build.0 = Release|Any CPU
		{B79735EF-FB36-4093-873D-5FA4B66E6D55}.Release|x64.ActiveCfg = Release|Any CPU
		{B79735EF-FB36-4093-873D-5FA4B66E6D55}.Release|x64.Build.0 = Release|Any CPU
		{B79735EF-FB36-4093-873D-5FA4B66E6D55}.Release|x86.ActiveCfg = Release|Any CPU
		{B79735EF-FB36-4093-873D-5FA4B66E6D55}.Release|x86.Build.0 = Release|Any CPU
	EndGlobalSection
	GlobalSection(SolutionProperties) = preSolution
		HideSolutionNode = FALSE
	EndGlobalSection
	GlobalSection(ExtensibilityGlobals) = postSolution
		SolutionGuid = {AECBBB8C-4738-46AA-A26D-D413A6044FFB}
	EndGlobalSection
EndGlobal
